
Microsoft Visual Studio Solution File, Format Version 12.00
# Visual Studio 15
VisualStudioVersion = 15.0.27428.2037
MinimumVisualStudioVersion = 10.0.40219.1
Project("{9A19103F-16F7-4668-BE54-9A1E7A4F7556}") = "WooCommerceX.NET", "WooCommerceX.NET.csproj", "{52678A34-81FA-48C2-A63A-57DEC077C56A}"
EndProject
Global
	GlobalSection(SolutionConfigurationPlatforms) = preSolution
		Debug|Any CPU = Debug|Any CPU
		Release|Any CPU = Release|Any CPU
	EndGlobalSection
	GlobalSection(ProjectConfigurationPlatforms) = postSolution
		{52678A34-81FA-48C2-A63A-57DEC077C56A}.Debug|Any CPU.ActiveCfg = Debug|Any CPU
		{52678A34-81FA-48C2-A63A-57DEC077C56A}.Debug|Any CPU.Build.0 = Debug|Any CPU
		{52678A34-81FA-48C2-A63A-57DEC077C56A}.Release|Any CPU.ActiveCfg = Release|Any CPU
		{52678A34-81FA-48C2-A63A-57DEC077C56A}.Release|Any CPU.Build.0 = Release|Any CPU
	EndGlobalSection
	GlobalSection(SolutionProperties) = preSolution
		HideSolutionNode = FALSE
	EndGlobalSection
	GlobalSection(ExtensibilityGlobals) = postSolution
		SolutionGuid = {1C9CF5C9-3137-4235-AA17-70B7D9A7FC31}
	EndGlobalSection
EndGlobal
